
Microsoft Visual Studio Solution File, Format Version 12.00
# Visual Studio Version 16
VisualStudioVersion = 16.0.30225.117
MinimumVisualStudioVersion = 10.0.40219.1
Project("{FAE04EC0-301F-11D3-BF4B-00C04F79EFBC}") = "WindowsFormsApp1-QRCode-Zxing", "WindowsFormsApp1-QRCode-Zxing\WindowsFormsApp1-QRCode-Zxing.csproj", "{9617E590-A93E-4EC9-8781-DACDD33DD765}"
EndProject
Global
	GlobalSection(SolutionConfigurationPlatforms) = preSolution
		Debug|Any CPU = Debug|Any CPU
		Release|Any CPU = Release|Any CPU
	EndGlobalSection
	GlobalSection(ProjectConfigurationPlatforms) = postSolution
		{9617E590-A93E-4EC9-8781-DACDD33DD765}.Debug|Any CPU.ActiveCfg = Debug|Any CPU
		{9617E590-A93E-4EC9-8781-DACDD33DD765}.Debug|Any CPU.Build.0 = Debug|Any CPU
		{9617E590-A93E-4EC9-8781-DACDD33DD765}.Release|Any CPU.ActiveCfg = Release|Any CPU
		{9617E590-A93E-4EC9-8781-DACDD33DD765}.Release|Any CPU.Build.0 = Release|Any CPU
	EndGlobalSection
	GlobalSection(SolutionProperties) = preSolution
		HideSolutionNode = FALSE
	EndGlobalSection
	GlobalSection(ExtensibilityGlobals) = postSolution
		SolutionGuid = {49C96BD9-1DB9-4AB3-BB25-9448959B47F6}
	EndGlobalSection
EndGlobal
